// !$*UTF8*$!
{
	archiveVersion = 1;
	classes = {
	};
	objectVersion = 46;
	objects = {

/* Begin PBXBuildFile section */
		0769A98A1A2225620039D703 /* Date.swift in Sources */ = {isa = PBXBuildFile; fileRef = 0769A9891A2225620039D703 /* Date.swift */; };
		0769A98C1A224E9E0039D703 /* AddActivityViewController.swift in Sources */ = {isa = PBXBuildFile; fileRef = 0769A98B1A224E9E0039D703 /* AddActivityViewController.swift */; };
		07BF7A541A20527000841EEC /* AppDelegate.swift in Sources */ = {isa = PBXBuildFile; fileRef = 07BF7A531A20527000841EEC /* AppDelegate.swift */; };
		07BF7A561A20527000841EEC /* MainController.swift in Sources */ = {isa = PBXBuildFile; fileRef = 07BF7A551A20527000841EEC /* MainController.swift */; };
		07BF7A591A20527000841EEC /* Main.storyboard in Resources */ = {isa = PBXBuildFile; fileRef = 07BF7A571A20527000841EEC /* Main.storyboard */; };
		07BF7A5B1A20527000841EEC /* Images.xcassets in Resources */ = {isa = PBXBuildFile; fileRef = 07BF7A5A1A20527000841EEC /* Images.xcassets */; };
		07BF7A5E1A20527000841EEC /* LaunchScreen.xib in Resources */ = {isa = PBXBuildFile; fileRef = 07BF7A5C1A20527000841EEC /* LaunchScreen.xib */; };
		07BF7A6A1A20527000841EEC /* TaskitTests.swift in Sources */ = {isa = PBXBuildFile; fileRef = 07BF7A691A20527000841EEC /* TaskitTests.swift */; };
		07BF7A761A20DC9800841EEC /* ActivityCell.swift in Sources */ = {isa = PBXBuildFile; fileRef = 07BF7A751A20DC9800841EEC /* ActivityCell.swift */; };
		07BF7A781A20F33700841EEC /* ActivityModel.swift in Sources */ = {isa = PBXBuildFile; fileRef = 07BF7A771A20F33700841EEC /* ActivityModel.swift */; };
		07BF7A7A1A20F6B100841EEC /* ActivityDetailViewController.swift in Sources */ = {isa = PBXBuildFile; fileRef = 07BF7A791A20F6B100841EEC /* ActivityDetailViewController.swift */; };
/* End PBXBuildFile section */

/* Begin PBXContainerItemProxy section */
		07BF7A641A20527000841EEC /* PBXContainerItemProxy */ = {
			isa = PBXContainerItemProxy;
			containerPortal = 07BF7A461A20527000841EEC /* Project object */;
			proxyType = 1;
			remoteGlobalIDString = 07BF7A4D1A20527000841EEC;
			remoteInfo = Taskit;
		};
/* End PBXContainerItemProxy section */

/* Begin PBXFileReference section */
		0769A9891A2225620039D703 /* Date.swift */ = {isa = PBXFileReference; fileEncoding = 4; lastKnownFileType = sourcecode.swift; path = Date.swift; sourceTree = "<group>"; };
		0769A98B1A224E9E0039D703 /* AddActivityViewController.swift */ = {isa = PBXFileReference; fileEncoding = 4; lastKnownFileType = sourcecode.swift; path = AddActivityViewController.swift; sourceTree = "<group>"; };
		07BF7A4E1A20527000841EEC /* Taskit.app */ = {isa = PBXFileReference; explicitFileType = wrapper.application; includeInIndex = 0; path = Taskit.app; sourceTree = BUILT_PRODUCTS_DIR; };
		07BF7A521A20527000841EEC /* Info.plist */ = {isa = PBXFileReference; lastKnownFileType = text.plist.xml; path = Info.plist; sourceTree = "<group>"; };
		07BF7A531A20527000841EEC /* AppDelegate.swift */ = {isa = PBXFileReference; lastKnownFileType = sourcecode.swift; path = AppDelegate.swift; sourceTree = "<group>"; };
		07BF7A551A20527000841EEC /* MainController.swift */ = {isa = PBXFileReference; lastKnownFileType = sourcecode.swift; path = MainController.swift; sourceTree = "<group>"; };
		07BF7A581A20527000841EEC /* Base */ = {isa = PBXFileReference; lastKnownFileType = file.storyboard; name = Base; path = Base.lproj/Main.storyboard; sourceTree = "<group>"; };
		07BF7A5A1A20527000841EEC /* Images.xcassets */ = {isa = PBXFileReference; lastKnownFileType = folder.assetcatalog; path = Images.xcassets; sourceTree = "<group>"; };
		07BF7A5D1A20527000841EEC /* Base */ = {isa = PBXFileReference; lastKnownFileType = file.xib; name = Base; path = Base.lproj/LaunchScreen.xib; sourceTree = "<group>"; };
		07BF7A631A20527000841EEC /* TaskitTests.xctest */ = {isa = PBXFileReference; explicitFileType = wrapper.cfbundle; includeInIndex = 0; path = TaskitTests.xctest; sourceTree = BUILT_PRODUCTS_DIR; };
		07BF7A681A20527000841EEC /* Info.plist */ = {isa = PBXFileReference; lastKnownFileType = text.plist.xml; path = Info.plist; sourceTree = "<group>"; };
		07BF7A691A20527000841EEC /* TaskitTests.swift */ = {isa = PBXFileReference; lastKnownFileType = sourcecode.swift; path = TaskitTests.swift; sourceTree = "<group>"; };
		07BF7A751A20DC9800841EEC /* ActivityCell.swift */ = {isa = PBXFileReference; fileEncoding = 4; lastKnownFileType = sourcecode.swift; path = ActivityCell.swift; sourceTree = "<group>"; };
		07BF7A771A20F33700841EEC /* ActivityModel.swift */ = {isa = PBXFileReference; fileEncoding = 4; lastKnownFileType = sourcecode.swift; path = ActivityModel.swift; sourceTree = "<group>"; };
		07BF7A791A20F6B100841EEC /* ActivityDetailViewController.swift */ = {isa = PBXFileReference; fileEncoding = 4; lastKnownFileType = sourcecode.swift; path = ActivityDetailViewController.swift; sourceTree = "<group>"; };
/* End PBXFileReference section */

/* Begin PBXFrameworksBuildPhase section */
		07BF7A4B1A20527000841EEC /* Frameworks */ = {
			isa = PBXFrameworksBuildPhase;
			buildActionMask = 2147483647;
			files = (
			);
			runOnlyForDeploymentPostprocessing = 0;
		};
		07BF7A601A20527000841EEC /* Frameworks */ = {
			isa = PBXFrameworksBuildPhase;
			buildActionMask = 2147483647;
			files = (
			);
			runOnlyForDeploymentPostprocessing = 0;
		};
/* End PBXFrameworksBuildPhase section */

/* Begin PBXGroup section */
		07BF7A451A20527000841EEC = {
			isa = PBXGroup;
			children = (
				07BF7A501A20527000841EEC /* Taskit */,
				07BF7A661A20527000841EEC /* TaskitTests */,
				07BF7A4F1A20527000841EEC /* Products */,
			);
			sourceTree = "<group>";
		};
		07BF7A4F1A20527000841EEC /* Products */ = {
			isa = PBXGroup;
			children = (
				07BF7A4E1A20527000841EEC /* Taskit.app */,
				07BF7A631A20527000841EEC /* TaskitTests.xctest */,
			);
			name = Products;
			sourceTree = "<group>";
		};
		07BF7A501A20527000841EEC /* Taskit */ = {
			isa = PBXGroup;
			children = (
				07BF7A531A20527000841EEC /* AppDelegate.swift */,
				07BF7A551A20527000841EEC /* MainController.swift */,
				07BF7A791A20F6B100841EEC /* ActivityDetailViewController.swift */,
				0769A98B1A224E9E0039D703 /* AddActivityViewController.swift */,
				07BF7A771A20F33700841EEC /* ActivityModel.swift */,
				0769A9891A2225620039D703 /* Date.swift */,
				07BF7A751A20DC9800841EEC /* ActivityCell.swift */,
				07BF7A571A20527000841EEC /* Main.storyboard */,
				07BF7A5A1A20527000841EEC /* Images.xcassets */,
				07BF7A5C1A20527000841EEC /* LaunchScreen.xib */,
				07BF7A511A20527000841EEC /* Supporting Files */,
			);
			path = Taskit;
			sourceTree = "<group>";
		};
		07BF7A511A20527000841EEC /* Supporting Files */ = {
			isa = PBXGroup;
			children = (
				07BF7A521A20527000841EEC /* Info.plist */,
			);
			name = "Supporting Files";
			sourceTree = "<group>";
		};
		07BF7A661A20527000841EEC /* TaskitTests */ = {
			isa = PBXGroup;
			children = (
				07BF7A691A20527000841EEC /* TaskitTests.swift */,
				07BF7A671A20527000841EEC /* Supporting Files */,
			);
			path = TaskitTests;
			sourceTree = "<group>";
		};
		07BF7A671A20527000841EEC /* Supporting Files */ = {
			isa = PBXGroup;
			children = (
				07BF7A681A20527000841EEC /* Info.plist */,
			);
			name = "Supporting Files";
			sourceTree = "<group>";
		};
/* End PBXGroup section */

/* Begin PBXNativeTarget section */
		07BF7A4D1A20527000841EEC /* Taskit */ = {
			isa = PBXNativeTarget;
			buildConfigurationList = 07BF7A6D1A20527000841EEC /* Build configuration list for PBXNativeTarget "Taskit" */;
			buildPhases = (
				07BF7A4A1A20527000841EEC /* Sources */,
				07BF7A4B1A20527000841EEC /* Frameworks */,
				07BF7A4C1A20527000841EEC /* Resources */,
			);
			buildRules = (
			);
			dependencies = (
			);
			name = Taskit;
			productName = Taskit;
			productReference = 07BF7A4E1A20527000841EEC /* Taskit.app */;
			productType = "com.apple.product-type.application";
		};
		07BF7A621A20527000841EEC /* TaskitTests */ = {
			isa = PBXNativeTarget;
			buildConfigurationList = 07BF7A701A20527000841EEC /* Build configuration list for PBXNativeTarget "TaskitTests" */;
			buildPhases = (
				07BF7A5F1A20527000841EEC /* Sources */,
				07BF7A601A20527000841EEC /* Frameworks */,
				07BF7A611A20527000841EEC /* Resources */,
			);
			buildRules = (
			);
			dependencies = (
				07BF7A651A20527000841EEC /* PBXTargetDependency */,
			);
			name = TaskitTests;
			productName = TaskitTests;
			productReference = 07BF7A631A20527000841EEC /* TaskitTests.xctest */;
			productType = "com.apple.product-type.bundle.unit-test";
		};
/* End PBXNativeTarget section */

/* Begin PBXProject section */
		07BF7A461A20527000841EEC /* Project object */ = {
			isa = PBXProject;
			attributes = {
				LastUpgradeCheck = 0610;
				ORGANIZATIONNAME = Calderware;
				TargetAttributes = {
					07BF7A4D1A20527000841EEC = {
						CreatedOnToolsVersion = 6.1;
					};
					07BF7A621A20527000841EEC = {
						CreatedOnToolsVersion = 6.1;
						TestTargetID = 07BF7A4D1A20527000841EEC;
					};
				};
			};
			buildConfigurationList = 07BF7A491A20527000841EEC /* Build configuration list for PBXProject "Taskit" */;
			compatibilityVersion = "Xcode 3.2";
			developmentRegion = English;
			hasScannedForEncodings = 0;
			knownRegions = (
				en,
				Base,
			);
			mainGroup = 07BF7A451A20527000841EEC;
			productRefGroup = 07BF7A4F1A20527000841EEC /* Products */;
			projectDirPath = "";
			projectRoot = "";
			targets = (
				07BF7A4D1A20527000841EEC /* Taskit */,
				07BF7A621A20527000841EEC /* TaskitTests */,
			);
		};
/* End PBXProject section */

/* Begin PBXResourcesBuildPhase section */
		07BF7A4C1A20527000841EEC /* Resources */ = {
			isa = PBXResourcesBuildPhase;
			buildActionMask = 2147483647;
			files = (
				07BF7A591A20527000841EEC /* Main.storyboard in Resources */,
				07BF7A5E1A20527000841EEC /* LaunchScreen.xib in Resources */,
				07BF7A5B1A20527000841EEC /* Images.xcassets in Resources */,
			);
			runOnlyForDeploymentPostprocessing = 0;
		};
		07BF7A611A20527000841EEC /* Resources */ = {
			isa = PBXResourcesBuildPhase;
			buildActionMask = 2147483647;
			files = (
			);
			runOnlyForDeploymentPostprocessing = 0;
		};
/* End PBXResourcesBuildPhase section */

/* Begin PBXSourcesBuildPhase section */
		07BF7A4A1A20527000841EEC /* Sources */ = {
			isa = PBXSourcesBuildPhase;
			buildActionMask = 2147483647;
			files = (
				07BF7A7A1A20F6B100841EEC /* ActivityDetailViewController.swift in Sources */,
				0769A98A1A2225620039D703 /* Date.swift in Sources */,
				07BF7A781A20F33700841EEC /* ActivityModel.swift in Sources */,
				07BF7A761A20DC9800841EEC /* ActivityCell.swift in Sources */,
				0769A98C1A224E9E0039D703 /* AddActivityViewController.swift in Sources */,
				07BF7A561A20527000841EEC /* MainController.swift in Sources */,
				07BF7A541A20527000841EEC /* AppDelegate.swift in Sources */,
			);
			runOnlyForDeploymentPostprocessing = 0;
		};
		07BF7A5F1A20527000841EEC /* Sources */ = {
			isa = PBXSourcesBuildPhase;
			buildActionMask = 2147483647;
			files = (
				07BF7A6A1A20527000841EEC /* TaskitTests.swift in Sources */,
			);
			runOnlyForDeploymentPostprocessing = 0;
		};
/* End PBXSourcesBuildPhase section */

/* Begin PBXTargetDependency section */
		07BF7A651A20527000841EEC /* PBXTargetDependency */ = {
			isa = PBXTargetDependency;
			target = 07BF7A4D1A20527000841EEC /* Taskit */;
			targetProxy = 07BF7A641A20527000841EEC /* PBXContainerItemProxy */;
		};
/* End PBXTargetDependency section */

/* Begin PBXVariantGroup section */
		07BF7A571A20527000841EEC /* Main.storyboard */ = {
			isa = PBXVariantGroup;
			children = (
				07BF7A581A20527000841EEC /* Base */,
			);
			name = Main.storyboard;
			sourceTree = "<group>";
		};
		07BF7A5C1A20527000841EEC /* LaunchScreen.xib */ = {
			isa = PBXVariantGroup;
			children = (
				07BF7A5D1A20527000841EEC /* Base */,
			);
			name = LaunchScreen.xib;
			sourceTree = "<group>";
		};
/* End PBXVariantGroup section */

/* Begin XCBuildConfiguration section */
		07BF7A6B1A20527000841EEC /* Debug */ = {
			isa = XCBuildConfiguration;
			buildSettings = {
				ALWAYS_SEARCH_USER_PATHS = NO;
				CLANG_CXX_LANGUAGE_STANDARD = "gnu++0x";
				CLANG_CXX_LIBRARY = "libc++";
				CLANG_ENABLE_MODULES = YES;
				CLANG_ENABLE_OBJC_ARC = YES;
				CLANG_WARN_BOOL_CONVERSION = YES;
				CLANG_WARN_CONSTANT_CONVERSION = YES;
				CLANG_WARN_DIRECT_OBJC_ISA_USAGE = YES_ERROR;
				CLANG_WARN_EMPTY_BODY = YES;
				CLANG_WARN_ENUM_CONVERSION = YES;
				CLANG_WARN_INT_CONVERSION = YES;
				CLANG_WARN_OBJC_ROOT_CLASS = YES_ERROR;
				CLANG_WARN_UNREACHABLE_CODE = YES;
				CLANG_WARN__DUPLICATE_METHOD_MATCH = YES;
				"CODE_SIGN_IDENTITY[sdk=iphoneos*]" = "iPhone Developer";
				COPY_PHASE_STRIP = NO;
				ENABLE_STRICT_OBJC_MSGSEND = YES;
				GCC_C_LANGUAGE_STANDARD = gnu99;
				GCC_DYNAMIC_NO_PIC = NO;
				GCC_OPTIMIZATION_LEVEL = 0;
				GCC_PREPROCESSOR_DEFINITIONS = (
					"DEBUG=1",
					"$(inherited)",
				);
				GCC_SYMBOLS_PRIVATE_EXTERN = NO;
				GCC_WARN_64_TO_32_BIT_CONVERSION = YES;
				GCC_WARN_ABOUT_RETURN_TYPE = YES_ERROR;
				GCC_WARN_UNDECLARED_SELECTOR = YES;
				GCC_WARN_UNINITIALIZED_AUTOS = YES_AGGRESSIVE;
				GCC_WARN_UNUSED_FUNCTION = YES;
				GCC_WARN_UNUSED_VARIABLE = YES;
				IPHONEOS_DEPLOYMENT_TARGET = 8.1;
				MTL_ENABLE_DEBUG_INFO = YES;
				ONLY_ACTIVE_ARCH = YES;
				SDKROOT = iphoneos;
				SWIFT_OPTIMIZATION_LEVEL = "-Onone";
				TARGETED_DEVICE_FAMILY = "1,2";
			};
			name = Debug;
		};
		07BF7A6C1A20527000841EEC /* Release */ = {
			isa = XCBuildConfiguration;
			buildSettings = {
				ALWAYS_SEARCH_USER_PATHS = NO;
				CLANG_CXX_LANGUAGE_STANDARD = "gnu++0x";
				CLANG_CXX_LIBRARY = "libc++";
				CLANG_ENABLE_MODULES = YES;
				CLANG_ENABLE_OBJC_ARC = YES;
				CLANG_WARN_BOOL_CONVERSION = YES;
				CLANG_WARN_CONSTANT_CONVERSION = YES;
				CLANG_WARN_DIRECT_OBJC_ISA_USAGE = YES_ERROR;
				CLANG_WARN_EMPTY_BODY = YES;
				CLANG_WARN_ENUM_CONVERSION = YES;
				CLANG_WARN_INT_CONVERSION = YES;
				CLANG_WARN_OBJC_ROOT_CLASS = YES_ERROR;
				CLANG_WARN_UNREACHABLE_CODE = YES;
				CLANG_WARN__DUPLICATE_METHOD_MATCH = YES;
				"CODE_SIGN_IDENTITY[sdk=iphoneos*]" = "iPhone Developer";
				COPY_PHASE_STRIP = YES;
				ENABLE_NS_ASSERTIONS = NO;
				ENABLE_STRICT_OBJC_MSGSEND = YES;
				GCC_C_LANGUAGE_STANDARD = gnu99;
				GCC_WARN_64_TO_32_BIT_CONVERSION = YES;
				GCC_WARN_ABOUT_RETURN_TYPE = YES_ERROR;
				GCC_WARN_UNDECLARED_SELECTOR = YES;
				GCC_WARN_UNINITIALIZED_AUTOS = YES_AGGRESSIVE;
				GCC_WARN_UNUSED_FUNCTION = YES;
				GCC_WARN_UNUSED_VARIABLE = YES;
				IPHONEOS_DEPLOYMENT_TARGET = 8.1;
				MTL_ENABLE_DEBUG_INFO = NO;
				SDKROOT = iphoneos;
				TARGETED_DEVICE_FAMILY = "1,2";
				VALIDATE_PRODUCT = YES;
			};
			name = Release;
		};
		07BF7A6E1A20527000841EEC /* Debug */ = {
			isa = XCBuildConfiguration;
			buildSettings = {
				ASSETCATALOG_COMPILER_APPICON_NAME = AppIcon;
				INFOPLIST_FILE = Taskit/Info.plist;
				LD_RUNPATH_SEARCH_PATHS = "$(inherited) @executable_path/Frameworks";
				PRODUCT_NAME = "$(TARGET_NAME)";
			};
			name = Debug;
		};
		07BF7A6F1A20527000841EEC /* Release */ = {
			isa = XCBuildConfiguration;
			buildSettings = {
				ASSETCATALOG_COMPILER_APPICON_NAME = AppIcon;
				INFOPLIST_FILE = Taskit/Info.plist;
				LD_RUNPATH_SEARCH_PATHS = "$(inherited) @executable_path/Frameworks";
				PRODUCT_NAME = "$(TARGET_NAME)";
			};
			name = Release;
		};
		07BF7A711A20527000841EEC /* Debug */ = {
			isa = XCBuildConfiguration;
			buildSettings = {
				BUNDLE_LOADER = "$(TEST_HOST)";
				FRAMEWORK_SEARCH_PATHS = (
					"$(SDKROOT)/Developer/Library/Frameworks",
					"$(inherited)",
				);
				GCC_PREPROCESSOR_DEFINITIONS = (
					"DEBUG=1",
					"$(inherited)",
				);
				INFOPLIST_FILE = TaskitTests/Info.plist;
				LD_RUNPATH_SEARCH_PATHS = "$(inherited) @executable_path/Frameworks @loader_path/Frameworks";
				PRODUCT_NAME = "$(TARGET_NAME)";
				TEST_HOST = "$(BUILT_PRODUCTS_DIR)/Taskit.app/Taskit";
			};
			name = Debug;
		};
		07BF7A721A20527000841EEC /* Release */ = {
			isa = XCBuildConfiguration;
			buildSettings = {
				BUNDLE_LOADER = "$(TEST_HOST)";
				FRAMEWORK_SEARCH_PATHS = (
					"$(SDKROOT)/Developer/Library/Frameworks",
					"$(inherited)",
				);
				INFOPLIST_FILE = TaskitTests/Info.plist;
				LD_RUNPATH_SEARCH_PATHS = "$(inherited) @executable_path/Frameworks @loader_path/Frameworks";
				PRODUCT_NAME = "$(TARGET_NAME)";
				TEST_HOST = "$(BUILT_PRODUCTS_DIR)/Taskit.app/Taskit";
			};
			name = Release;
		};
/* End XCBuildConfiguration section */

/* Begin XCConfigurationList section */
		07BF7A491A20527000841EEC /* Build configuration list for PBXProject "Taskit" */ = {
			isa = XCConfigurationList;
			buildConfigurations = (
				07BF7A6B1A20527000841EEC /* Debug */,
				07BF7A6C1A20527000841EEC /* Release */,
			);
			defaultConfigurationIsVisible = 0;
			defaultConfigurationName = Release;
		};
		07BF7A6D1A20527000841EEC /* Build configuration list for PBXNativeTarget "Taskit" */ = {
			isa = XCConfigurationList;
			buildConfigurations = (
				07BF7A6E1A20527000841EEC /* Debug */,
				07BF7A6F1A20527000841EEC /* Release */,
			);
			defaultConfigurationIsVisible = 0;
			defaultConfigurationName = Release;
		};
		07BF7A701A20527000841EEC /* Build configuration list for PBXNativeTarget "TaskitTests" */ = {
			isa = XCConfigurationList;
			buildConfigurations = (
				07BF7A711A20527000841EEC /* Debug */,
				07BF7A721A20527000841EEC /* Release */,
			);
			defaultConfigurationIsVisible = 0;
			defaultConfigurationName = Release;
		};
/* End XCConfigurationList section */
	};
	rootObject = 07BF7A461A20527000841EEC /* Project object */;
}
